---
ID: "6cf4be7d-6232-5542-a244-e002c0d02517"
Parent: "4c8d2e37-e557-5421-8683-ec7235dce5fb"
Template: "a87a00b1-e6db-45ab-8b54-636fec3b5523"
Path: "/sitecore/content/site-one/Components/ContentBlock"
SharedFields:
- ID: "06d5295c-ed2f-4a54-9bf2-26228d113318"
  Hint: __Icon
  Value: Office/32x32/box_into.png
- ID: "1172f251-dad4-4efb-a329-0c63500e4f1e"
  Hint: __Masters
  Value: |
    {A87A00B1-E6DB-45AB-8B54-636FEC3B5523}
    {7C90F5B6-9E24-5203-916F-4976147E00C3}
Languages:
- Language: en
  Fields:
  - ID: "b5e02ad9-d56f-4c41-a065-a133db87bdeb"
    Hint: __Display name
    Value: Content Block
  Versions:
  - Version: 1
    Fields:
    - ID: "25bed78c-4957-4165-998a-ca1b52f67497"
      Hint: __Created
      Value: 20211217T033819Z
    - ID: "52807595-0f8f-4b20-8d2a-cb71d28c6103"
      Hint: __Owner
      Value: |
        sitecore\JssImport
    - ID: "5dd74568-4d4b-44c1-b513-0af5f4cda34f"
      Hint: __Created by
      Value: |
        sitecore\JssImport
    - ID: "8cdc337e-a112-42fb-bbb4-4143751e123f"
      Hint: __Revision
      Value: "7904240a-dc40-4a3d-951c-669b09a1874b"
    - ID: "badd9cf9-53e0-4d0c-bcc0-2d784c282f6a"
      Hint: __Updated by
      Value: |
        sitecore\JssImport
    - ID: "d9cf14b1-fa16-4ba6-9288-e8a174d4d522"
      Hint: __Updated
      Value: 20211217T033819Z
